// !$*UTF8*$!
{
	archiveVersion = 1;
	classes = {
	};
	objectVersion = 56;
	objects = {

/* Begin PBXBuildFile section */
		6E6EB0342A4C89F900ABD918 /* ReccoShowcaseApp.swift in Sources */ = {isa = PBXBuildFile; fileRef = 6E6EB0332A4C89F900ABD918 /* ReccoShowcaseApp.swift */; };
		6E6EB0382A4C89FA00ABD918 /* Assets.xcassets in Resources */ = {isa = PBXBuildFile; fileRef = 6E6EB0372A4C89FA00ABD918 /* Assets.xcassets */; };
		6E6EB03B2A4C89FA00ABD918 /* Preview Assets.xcassets in Resources */ = {isa = PBXBuildFile; fileRef = 6E6EB03A2A4C89FA00ABD918 /* Preview Assets.xcassets */; };
		6E6EB0482A4C8D8600ABD918 /* ReccoUI in Frameworks */ = {isa = PBXBuildFile; productRef = 6E6EB0472A4C8D8600ABD918 /* ReccoUI */; };
		95EF414F2A5595780012BF94 /* WellcomeView.swift in Sources */ = {isa = PBXBuildFile; fileRef = 95EF414E2A5595780012BF94 /* WellcomeView.swift */; };
		95EF41512A55BF1F0012BF94 /* SignInView.swift in Sources */ = {isa = PBXBuildFile; fileRef = 95EF41502A55BF1F0012BF94 /* SignInView.swift */; };
		95EF41532A56A6860012BF94 /* Styling.swift in Sources */ = {isa = PBXBuildFile; fileRef = 95EF41522A56A6860012BF94 /* Styling.swift */; };
/* End PBXBuildFile section */

/* Begin PBXFileReference section */
		6E6EB0302A4C89F900ABD918 /* ReccoShowcase.app */ = {isa = PBXFileReference; explicitFileType = wrapper.application; includeInIndex = 0; path = ReccoShowcase.app; sourceTree = BUILT_PRODUCTS_DIR; };
		6E6EB0332A4C89F900ABD918 /* ReccoShowcaseApp.swift */ = {isa = PBXFileReference; lastKnownFileType = sourcecode.swift; path = ReccoShowcaseApp.swift; sourceTree = "<group>"; };
		6E6EB0372A4C89FA00ABD918 /* Assets.xcassets */ = {isa = PBXFileReference; lastKnownFileType = folder.assetcatalog; path = Assets.xcassets; sourceTree = "<group>"; };
		6E6EB03A2A4C89FA00ABD918 /* Preview Assets.xcassets */ = {isa = PBXFileReference; lastKnownFileType = folder.assetcatalog; path = "Preview Assets.xcassets"; sourceTree = "<group>"; };
		6E6EB0452A4C8D7500ABD918 /* recco-ios */ = {isa = PBXFileReference; lastKnownFileType = wrapper; name = "recco-ios"; path = ..; sourceTree = "<group>"; };
		95EF414E2A5595780012BF94 /* WellcomeView.swift */ = {isa = PBXFileReference; lastKnownFileType = sourcecode.swift; path = WellcomeView.swift; sourceTree = "<group>"; };
		95EF41502A55BF1F0012BF94 /* SignInView.swift */ = {isa = PBXFileReference; lastKnownFileType = sourcecode.swift; path = SignInView.swift; sourceTree = "<group>"; };
		95EF41522A56A6860012BF94 /* Styling.swift */ = {isa = PBXFileReference; lastKnownFileType = sourcecode.swift; path = Styling.swift; sourceTree = "<group>"; };
/* End PBXFileReference section */

/* Begin PBXFrameworksBuildPhase section */
		6E6EB02D2A4C89F900ABD918 /* Frameworks */ = {
			isa = PBXFrameworksBuildPhase;
			buildActionMask = 2147483647;
			files = (
				6E6EB0482A4C8D8600ABD918 /* ReccoUI in Frameworks */,
			);
			runOnlyForDeploymentPostprocessing = 0;
		};
/* End PBXFrameworksBuildPhase section */

/* Begin PBXGroup section */
		6E6EB0272A4C89F900ABD918 = {
			isa = PBXGroup;
			children = (
				6E6EB0452A4C8D7500ABD918 /* recco-ios */,
				6E6EB0322A4C89F900ABD918 /* ReccoShowcase */,
				6E6EB0312A4C89F900ABD918 /* Products */,
				6E6EB0462A4C8D8600ABD918 /* Frameworks */,
			);
			sourceTree = "<group>";
		};
		6E6EB0312A4C89F900ABD918 /* Products */ = {
			isa = PBXGroup;
			children = (
				6E6EB0302A4C89F900ABD918 /* ReccoShowcase.app */,
			);
			name = Products;
			sourceTree = "<group>";
		};
		6E6EB0322A4C89F900ABD918 /* ReccoShowcase */ = {
			isa = PBXGroup;
			children = (
				6E6EB0332A4C89F900ABD918 /* ReccoShowcaseApp.swift */,
				95EF41502A55BF1F0012BF94 /* SignInView.swift */,
				95EF414E2A5595780012BF94 /* WellcomeView.swift */,
				95EF41522A56A6860012BF94 /* Styling.swift */,
				6E6EB0372A4C89FA00ABD918 /* Assets.xcassets */,
				6E6EB0392A4C89FA00ABD918 /* Preview Content */,
			);
			path = ReccoShowcase;
			sourceTree = "<group>";
		};
		6E6EB0392A4C89FA00ABD918 /* Preview Content */ = {
			isa = PBXGroup;
			children = (
				6E6EB03A2A4C89FA00ABD918 /* Preview Assets.xcassets */,
			);
			path = "Preview Content";
			sourceTree = "<group>";
		};
		6E6EB0462A4C8D8600ABD918 /* Frameworks */ = {
			isa = PBXGroup;
			children = (
			);
			name = Frameworks;
			sourceTree = "<group>";
		};
/* End PBXGroup section */

/* Begin PBXNativeTarget section */
		6E6EB02F2A4C89F900ABD918 /* ReccoShowcase */ = {
			isa = PBXNativeTarget;
			buildConfigurationList = 6E6EB03E2A4C89FA00ABD918 /* Build configuration list for PBXNativeTarget "ReccoShowcase" */;
			buildPhases = (
				6E6EB02C2A4C89F900ABD918 /* Sources */,
				6E6EB02D2A4C89F900ABD918 /* Frameworks */,
				6E6EB02E2A4C89F900ABD918 /* Resources */,
			);
			buildRules = (
			);
			dependencies = (
			);
			name = ReccoShowcase;
			packageProductDependencies = (
				6E6EB0472A4C8D8600ABD918 /* ReccoUI */,
			);
			productName = ReccoShowcase;
			productReference = 6E6EB0302A4C89F900ABD918 /* ReccoShowcase.app */;
			productType = "com.apple.product-type.application";
		};
/* End PBXNativeTarget section */

/* Begin PBXProject section */
		6E6EB0282A4C89F900ABD918 /* Project object */ = {
			isa = PBXProject;
			attributes = {
				BuildIndependentTargetsInParallel = 1;
				LastSwiftUpdateCheck = 1430;
				LastUpgradeCheck = 1430;
				TargetAttributes = {
					6E6EB02F2A4C89F900ABD918 = {
						CreatedOnToolsVersion = 14.3;
					};
				};
			};
			buildConfigurationList = 6E6EB02B2A4C89F900ABD918 /* Build configuration list for PBXProject "ReccoShowcase" */;
			compatibilityVersion = "Xcode 14.0";
			developmentRegion = en;
			hasScannedForEncodings = 0;
			knownRegions = (
				en,
				Base,
			);
			mainGroup = 6E6EB0272A4C89F900ABD918;
			productRefGroup = 6E6EB0312A4C89F900ABD918 /* Products */;
			projectDirPath = "";
			projectRoot = "";
			targets = (
				6E6EB02F2A4C89F900ABD918 /* ReccoShowcase */,
			);
		};
/* End PBXProject section */

/* Begin PBXResourcesBuildPhase section */
		6E6EB02E2A4C89F900ABD918 /* Resources */ = {
			isa = PBXResourcesBuildPhase;
			buildActionMask = 2147483647;
			files = (
				6E6EB03B2A4C89FA00ABD918 /* Preview Assets.xcassets in Resources */,
				6E6EB0382A4C89FA00ABD918 /* Assets.xcassets in Resources */,
			);
			runOnlyForDeploymentPostprocessing = 0;
		};
/* End PBXResourcesBuildPhase section */

/* Begin PBXSourcesBuildPhase section */
		6E6EB02C2A4C89F900ABD918 /* Sources */ = {
			isa = PBXSourcesBuildPhase;
			buildActionMask = 2147483647;
			files = (
				95EF414F2A5595780012BF94 /* WellcomeView.swift in Sources */,
				6E6EB0342A4C89F900ABD918 /* ReccoShowcaseApp.swift in Sources */,
				95EF41512A55BF1F0012BF94 /* SignInView.swift in Sources */,
				95EF41532A56A6860012BF94 /* Styling.swift in Sources */,
			);
			runOnlyForDeploymentPostprocessing = 0;
		};
/* End PBXSourcesBuildPhase section */

/* Begin XCBuildConfiguration section */
		6E6EB03C2A4C89FA00ABD918 /* Debug */ = {
			isa = XCBuildConfiguration;
			buildSettings = {
				ALWAYS_SEARCH_USER_PATHS = NO;
				CLANG_ANALYZER_NONNULL = YES;
				CLANG_ANALYZER_NUMBER_OBJECT_CONVERSION = YES_AGGRESSIVE;
				CLANG_CXX_LANGUAGE_STANDARD = "gnu++20";
				CLANG_ENABLE_MODULES = YES;
				CLANG_ENABLE_OBJC_ARC = YES;
				CLANG_ENABLE_OBJC_WEAK = YES;
				CLANG_WARN_BLOCK_CAPTURE_AUTORELEASING = YES;
				CLANG_WARN_BOOL_CONVERSION = YES;
				CLANG_WARN_COMMA = YES;
				CLANG_WARN_CONSTANT_CONVERSION = YES;
				CLANG_WARN_DEPRECATED_OBJC_IMPLEMENTATIONS = YES;
				CLANG_WARN_DIRECT_OBJC_ISA_USAGE = YES_ERROR;
				CLANG_WARN_DOCUMENTATION_COMMENTS = YES;
				CLANG_WARN_EMPTY_BODY = YES;
				CLANG_WARN_ENUM_CONVERSION = YES;
				CLANG_WARN_INFINITE_RECURSION = YES;
				CLANG_WARN_INT_CONVERSION = YES;
				CLANG_WARN_NON_LITERAL_NULL_CONVERSION = YES;
				CLANG_WARN_OBJC_IMPLICIT_RETAIN_SELF = YES;
				CLANG_WARN_OBJC_LITERAL_CONVERSION = YES;
				CLANG_WARN_OBJC_ROOT_CLASS = YES_ERROR;
				CLANG_WARN_QUOTED_INCLUDE_IN_FRAMEWORK_HEADER = YES;
				CLANG_WARN_RANGE_LOOP_ANALYSIS = YES;
				CLANG_WARN_STRICT_PROTOTYPES = YES;
				CLANG_WARN_SUSPICIOUS_MOVE = YES;
				CLANG_WARN_UNGUARDED_AVAILABILITY = YES_AGGRESSIVE;
				CLANG_WARN_UNREACHABLE_CODE = YES;
				CLANG_WARN__DUPLICATE_METHOD_MATCH = YES;
				COPY_PHASE_STRIP = NO;
				DEBUG_INFORMATION_FORMAT = dwarf;
				ENABLE_STRICT_OBJC_MSGSEND = YES;
				ENABLE_TESTABILITY = YES;
				GCC_C_LANGUAGE_STANDARD = gnu11;
				GCC_DYNAMIC_NO_PIC = NO;
				GCC_NO_COMMON_BLOCKS = YES;
				GCC_OPTIMIZATION_LEVEL = 0;
				GCC_PREPROCESSOR_DEFINITIONS = (
					"DEBUG=1",
					"$(inherited)",
				);
				GCC_WARN_64_TO_32_BIT_CONVERSION = YES;
				GCC_WARN_ABOUT_RETURN_TYPE = YES_ERROR;
				GCC_WARN_UNDECLARED_SELECTOR = YES;
				GCC_WARN_UNINITIALIZED_AUTOS = YES_AGGRESSIVE;
				GCC_WARN_UNUSED_FUNCTION = YES;
				GCC_WARN_UNUSED_VARIABLE = YES;
				IPHONEOS_DEPLOYMENT_TARGET = 16.4;
				MTL_ENABLE_DEBUG_INFO = INCLUDE_SOURCE;
				MTL_FAST_MATH = YES;
				ONLY_ACTIVE_ARCH = YES;
				SDKROOT = iphoneos;
				SWIFT_ACTIVE_COMPILATION_CONDITIONS = DEBUG;
				SWIFT_OPTIMIZATION_LEVEL = "-Onone";
			};
			name = Debug;
		};
		6E6EB03D2A4C89FA00ABD918 /* Release */ = {
			isa = XCBuildConfiguration;
			buildSettings = {
				ALWAYS_SEARCH_USER_PATHS = NO;
				CLANG_ANALYZER_NONNULL = YES;
				CLANG_ANALYZER_NUMBER_OBJECT_CONVERSION = YES_AGGRESSIVE;
				CLANG_CXX_LANGUAGE_STANDARD = "gnu++20";
				CLANG_ENABLE_MODULES = YES;
				CLANG_ENABLE_OBJC_ARC = YES;
				CLANG_ENABLE_OBJC_WEAK = YES;
				CLANG_WARN_BLOCK_CAPTURE_AUTORELEASING = YES;
				CLANG_WARN_BOOL_CONVERSION = YES;
				CLANG_WARN_COMMA = YES;
				CLANG_WARN_CONSTANT_CONVERSION = YES;
				CLANG_WARN_DEPRECATED_OBJC_IMPLEMENTATIONS = YES;
				CLANG_WARN_DIRECT_OBJC_ISA_USAGE = YES_ERROR;
				CLANG_WARN_DOCUMENTATION_COMMENTS = YES;
				CLANG_WARN_EMPTY_BODY = YES;
				CLANG_WARN_ENUM_CONVERSION = YES;
				CLANG_WARN_INFINITE_RECURSION = YES;
				CLANG_WARN_INT_CONVERSION = YES;
				CLANG_WARN_NON_LITERAL_NULL_CONVERSION = YES;
				CLANG_WARN_OBJC_IMPLICIT_RETAIN_SELF = YES;
				CLANG_WARN_OBJC_LITERAL_CONVERSION = YES;
				CLANG_WARN_OBJC_ROOT_CLASS = YES_ERROR;
				CLANG_WARN_QUOTED_INCLUDE_IN_FRAMEWORK_HEADER = YES;
				CLANG_WARN_RANGE_LOOP_ANALYSIS = YES;
				CLANG_WARN_STRICT_PROTOTYPES = YES;
				CLANG_WARN_SUSPICIOUS_MOVE = YES;
				CLANG_WARN_UNGUARDED_AVAILABILITY = YES_AGGRESSIVE;
				CLANG_WARN_UNREACHABLE_CODE = YES;
				CLANG_WARN__DUPLICATE_METHOD_MATCH = YES;
				COPY_PHASE_STRIP = NO;
				DEBUG_INFORMATION_FORMAT = "dwarf-with-dsym";
				ENABLE_NS_ASSERTIONS = NO;
				ENABLE_STRICT_OBJC_MSGSEND = YES;
				GCC_C_LANGUAGE_STANDARD = gnu11;
				GCC_NO_COMMON_BLOCKS = YES;
				GCC_WARN_64_TO_32_BIT_CONVERSION = YES;
				GCC_WARN_ABOUT_RETURN_TYPE = YES_ERROR;
				GCC_WARN_UNDECLARED_SELECTOR = YES;
				GCC_WARN_UNINITIALIZED_AUTOS = YES_AGGRESSIVE;
				GCC_WARN_UNUSED_FUNCTION = YES;
				GCC_WARN_UNUSED_VARIABLE = YES;
				IPHONEOS_DEPLOYMENT_TARGET = 16.4;
				MTL_ENABLE_DEBUG_INFO = NO;
				MTL_FAST_MATH = YES;
				SDKROOT = iphoneos;
				SWIFT_COMPILATION_MODE = wholemodule;
				SWIFT_OPTIMIZATION_LEVEL = "-O";
				VALIDATE_PRODUCT = YES;
			};
			name = Release;
		};
		6E6EB03F2A4C89FA00ABD918 /* Debug */ = {
			isa = XCBuildConfiguration;
			buildSettings = {
				ASSETCATALOG_COMPILER_APPICON_NAME = AppIcon;
				ASSETCATALOG_COMPILER_GLOBAL_ACCENT_COLOR_NAME = AccentColor;
				CODE_SIGN_STYLE = Automatic;
				CURRENT_PROJECT_VERSION = 9;
				DEVELOPMENT_ASSET_PATHS = "\"ReccoShowcase/Preview Content\"";
				DEVELOPMENT_TEAM = 38CFAJD8KT;
				ENABLE_PREVIEWS = YES;
				GENERATE_INFOPLIST_FILE = YES;
				INFOPLIST_KEY_CFBundleDisplayName = Showcase;
				INFOPLIST_KEY_UIApplicationSceneManifest_Generation = YES;
				INFOPLIST_KEY_UIApplicationSupportsIndirectInputEvents = YES;
				INFOPLIST_KEY_UILaunchScreen_Generation = YES;
				INFOPLIST_KEY_UIStatusBarStyle = UIStatusBarStyleDarkContent;
				INFOPLIST_KEY_UISupportedInterfaceOrientations_iPad = "UIInterfaceOrientationPortrait UIInterfaceOrientationPortraitUpsideDown UIInterfaceOrientationLandscapeLeft UIInterfaceOrientationLandscapeRight";
				INFOPLIST_KEY_UISupportedInterfaceOrientations_iPhone = "UIInterfaceOrientationPortrait UIInterfaceOrientationLandscapeLeft UIInterfaceOrientationLandscapeRight";
				INFOPLIST_KEY_UIUserInterfaceStyle = Light;
				IPHONEOS_DEPLOYMENT_TARGET = 14.0;
				LD_RUNPATH_SEARCH_PATHS = (
					"$(inherited)",
					"@executable_path/Frameworks",
				);
				MARKETING_VERSION = 0.5;
				PRODUCT_BUNDLE_IDENTIFIER = com.significo.SFTestApp;
				PRODUCT_NAME = "$(TARGET_NAME)";
				SWIFT_EMIT_LOC_STRINGS = YES;
				SWIFT_VERSION = 5.0;
				TARGETED_DEVICE_FAMILY = "1,2";
			};
			name = Debug;
		};
		6E6EB0402A4C89FA00ABD918 /* Release */ = {
			isa = XCBuildConfiguration;
			buildSettings = {
				ASSETCATALOG_COMPILER_APPICON_NAME = AppIcon;
				ASSETCATALOG_COMPILER_GLOBAL_ACCENT_COLOR_NAME = AccentColor;
				CODE_SIGN_STYLE = Automatic;
				CURRENT_PROJECT_VERSION = 9;
				DEVELOPMENT_ASSET_PATHS = "\"ReccoShowcase/Preview Content\"";
				DEVELOPMENT_TEAM = 38CFAJD8KT;
				ENABLE_PREVIEWS = YES;
				GENERATE_INFOPLIST_FILE = YES;
				INFOPLIST_KEY_CFBundleDisplayName = Showcase;
				INFOPLIST_KEY_UIApplicationSceneManifest_Generation = YES;
				INFOPLIST_KEY_UIApplicationSupportsIndirectInputEvents = YES;
				INFOPLIST_KEY_UILaunchScreen_Generation = YES;
				INFOPLIST_KEY_UIStatusBarStyle = UIStatusBarStyleDarkContent;
				INFOPLIST_KEY_UISupportedInterfaceOrientations_iPad = "UIInterfaceOrientationPortrait UIInterfaceOrientationPortraitUpsideDown UIInterfaceOrientationLandscapeLeft UIInterfaceOrientationLandscapeRight";
				INFOPLIST_KEY_UISupportedInterfaceOrientations_iPhone = "UIInterfaceOrientationPortrait UIInterfaceOrientationLandscapeLeft UIInterfaceOrientationLandscapeRight";
				INFOPLIST_KEY_UIUserInterfaceStyle = Light;
				IPHONEOS_DEPLOYMENT_TARGET = 14.0;
				LD_RUNPATH_SEARCH_PATHS = (
					"$(inherited)",
					"@executable_path/Frameworks",
				);
				MARKETING_VERSION = 0.5;
				PRODUCT_BUNDLE_IDENTIFIER = com.significo.SFTestApp;
				PRODUCT_NAME = "$(TARGET_NAME)";
				SWIFT_EMIT_LOC_STRINGS = YES;
				SWIFT_VERSION = 5.0;
				TARGETED_DEVICE_FAMILY = "1,2";
			};
			name = Release;
		};
/* End XCBuildConfiguration section */

/* Begin XCConfigurationList section */
		6E6EB02B2A4C89F900ABD918 /* Build configuration list for PBXProject "ReccoShowcase" */ = {
			isa = XCConfigurationList;
			buildConfigurations = (
				6E6EB03C2A4C89FA00ABD918 /* Debug */,
				6E6EB03D2A4C89FA00ABD918 /* Release */,
			);
			defaultConfigurationIsVisible = 0;
			defaultConfigurationName = Release;
		};
		6E6EB03E2A4C89FA00ABD918 /* Build configuration list for PBXNativeTarget "ReccoShowcase" */ = {
			isa = XCConfigurationList;
			buildConfigurations = (
				6E6EB03F2A4C89FA00ABD918 /* Debug */,
				6E6EB0402A4C89FA00ABD918 /* Release */,
			);
			defaultConfigurationIsVisible = 0;
			defaultConfigurationName = Release;
		};
/* End XCConfigurationList section */

/* Begin XCSwiftPackageProductDependency section */
		6E6EB0472A4C8D8600ABD918 /* ReccoUI */ = {
			isa = XCSwiftPackageProductDependency;
			productName = ReccoUI;
		};
/* End XCSwiftPackageProductDependency section */
	};
	rootObject = 6E6EB0282A4C89F900ABD918 /* Project object */;
}
